// !$*UTF8*$!
{
	archiveVersion = 1;
	classes = {
	};
	objectVersion = 50;
	objects = {

/* Begin PBXBuildFile section */
		1826145725FFA3D800320687 /* BenitTestApp.swift in Sources */ = {isa = PBXBuildFile; fileRef = 1826145625FFA3D800320687 /* BenitTestApp.swift */; };
		1826145925FFA3D800320687 /* ContentView.swift in Sources */ = {isa = PBXBuildFile; fileRef = 1826145825FFA3D800320687 /* ContentView.swift */; };
		1826145B25FFA3D900320687 /* Assets.xcassets in Resources */ = {isa = PBXBuildFile; fileRef = 1826145A25FFA3D900320687 /* Assets.xcassets */; };
		1826145E25FFA3D900320687 /* Preview Assets.xcassets in Resources */ = {isa = PBXBuildFile; fileRef = 1826145D25FFA3D900320687 /* Preview Assets.xcassets */; };
		1826146925FFA3D900320687 /* BenitTestTests.swift in Sources */ = {isa = PBXBuildFile; fileRef = 1826146825FFA3D900320687 /* BenitTestTests.swift */; };
		1826147425FFA3DA00320687 /* BenitTestUITests.swift in Sources */ = {isa = PBXBuildFile; fileRef = 1826147325FFA3DA00320687 /* BenitTestUITests.swift */; };
		187593FF26009AF10007C470 /* AuthView.swift in Sources */ = {isa = PBXBuildFile; fileRef = 187593FE26009AF10007C470 /* AuthView.swift */; };
/* End PBXBuildFile section */

/* Begin PBXContainerItemProxy section */
		1826146525FFA3D900320687 /* PBXContainerItemProxy */ = {
			isa = PBXContainerItemProxy;
			containerPortal = 1826144B25FFA3D800320687 /* Project object */;
			proxyType = 1;
			remoteGlobalIDString = 1826145225FFA3D800320687;
			remoteInfo = BenitTest;
		};
		1826147025FFA3DA00320687 /* PBXContainerItemProxy */ = {
			isa = PBXContainerItemProxy;
			containerPortal = 1826144B25FFA3D800320687 /* Project object */;
			proxyType = 1;
			remoteGlobalIDString = 1826145225FFA3D800320687;
			remoteInfo = BenitTest;
		};
/* End PBXContainerItemProxy section */

/* Begin PBXFileReference section */
		1826145325FFA3D800320687 /* BenitTest.app */ = {isa = PBXFileReference; explicitFileType = wrapper.application; includeInIndex = 0; path = BenitTest.app; sourceTree = BUILT_PRODUCTS_DIR; };
		1826145625FFA3D800320687 /* BenitTestApp.swift */ = {isa = PBXFileReference; lastKnownFileType = sourcecode.swift; path = BenitTestApp.swift; sourceTree = "<group>"; };
		1826145825FFA3D800320687 /* ContentView.swift */ = {isa = PBXFileReference; lastKnownFileType = sourcecode.swift; path = ContentView.swift; sourceTree = "<group>"; };
		1826145A25FFA3D900320687 /* Assets.xcassets */ = {isa = PBXFileReference; lastKnownFileType = folder.assetcatalog; path = Assets.xcassets; sourceTree = "<group>"; };
		1826145D25FFA3D900320687 /* Preview Assets.xcassets */ = {isa = PBXFileReference; lastKnownFileType = folder.assetcatalog; path = "Preview Assets.xcassets"; sourceTree = "<group>"; };
		1826145F25FFA3D900320687 /* Info.plist */ = {isa = PBXFileReference; lastKnownFileType = text.plist.xml; path = Info.plist; sourceTree = "<group>"; };
		1826146425FFA3D900320687 /* BenitTestTests.xctest */ = {isa = PBXFileReference; explicitFileType = wrapper.cfbundle; includeInIndex = 0; path = BenitTestTests.xctest; sourceTree = BUILT_PRODUCTS_DIR; };
		1826146825FFA3D900320687 /* BenitTestTests.swift */ = {isa = PBXFileReference; lastKnownFileType = sourcecode.swift; path = BenitTestTests.swift; sourceTree = "<group>"; };
		1826146A25FFA3D900320687 /* Info.plist */ = {isa = PBXFileReference; lastKnownFileType = text.plist.xml; path = Info.plist; sourceTree = "<group>"; };
		1826146F25FFA3DA00320687 /* BenitTestUITests.xctest */ = {isa = PBXFileReference; explicitFileType = wrapper.cfbundle; includeInIndex = 0; path = BenitTestUITests.xctest; sourceTree = BUILT_PRODUCTS_DIR; };
		1826147325FFA3DA00320687 /* BenitTestUITests.swift */ = {isa = PBXFileReference; lastKnownFileType = sourcecode.swift; path = BenitTestUITests.swift; sourceTree = "<group>"; };
		1826147525FFA3DA00320687 /* Info.plist */ = {isa = PBXFileReference; lastKnownFileType = text.plist.xml; path = Info.plist; sourceTree = "<group>"; };
		187593FE26009AF10007C470 /* AuthView.swift */ = {isa = PBXFileReference; lastKnownFileType = sourcecode.swift; path = AuthView.swift; sourceTree = "<group>"; };
/* End PBXFileReference section */

/* Begin PBXFrameworksBuildPhase section */
		1826145025FFA3D800320687 /* Frameworks */ = {
			isa = PBXFrameworksBuildPhase;
			buildActionMask = 2147483647;
			files = (
			);
			runOnlyForDeploymentPostprocessing = 0;
		};
		1826146125FFA3D900320687 /* Frameworks */ = {
			isa = PBXFrameworksBuildPhase;
			buildActionMask = 2147483647;
			files = (
			);
			runOnlyForDeploymentPostprocessing = 0;
		};
		1826146C25FFA3DA00320687 /* Frameworks */ = {
			isa = PBXFrameworksBuildPhase;
			buildActionMask = 2147483647;
			files = (
			);
			runOnlyForDeploymentPostprocessing = 0;
		};
/* End PBXFrameworksBuildPhase section */

/* Begin PBXGroup section */
		1826144A25FFA3D800320687 = {
			isa = PBXGroup;
			children = (
				1826145525FFA3D800320687 /* BenitTest */,
				1826146725FFA3D900320687 /* BenitTestTests */,
				1826147225FFA3DA00320687 /* BenitTestUITests */,
				1826145425FFA3D800320687 /* Products */,
			);
			sourceTree = "<group>";
		};
		1826145425FFA3D800320687 /* Products */ = {
			isa = PBXGroup;
			children = (
				1826145325FFA3D800320687 /* BenitTest.app */,
				1826146425FFA3D900320687 /* BenitTestTests.xctest */,
				1826146F25FFA3DA00320687 /* BenitTestUITests.xctest */,
			);
			name = Products;
			sourceTree = "<group>";
		};
		1826145525FFA3D800320687 /* BenitTest */ = {
			isa = PBXGroup;
			children = (
				1826145625FFA3D800320687 /* BenitTestApp.swift */,
				1826145825FFA3D800320687 /* ContentView.swift */,
				1826145A25FFA3D900320687 /* Assets.xcassets */,
				1826145F25FFA3D900320687 /* Info.plist */,
				1826145C25FFA3D900320687 /* Preview Content */,
				187593FE26009AF10007C470 /* AuthView.swift */,
			);
			path = BenitTest;
			sourceTree = "<group>";
		};
		1826145C25FFA3D900320687 /* Preview Content */ = {
			isa = PBXGroup;
			children = (
				1826145D25FFA3D900320687 /* Preview Assets.xcassets */,
			);
			path = "Preview Content";
			sourceTree = "<group>";
		};
		1826146725FFA3D900320687 /* BenitTestTests */ = {
			isa = PBXGroup;
			children = (
				1826146825FFA3D900320687 /* BenitTestTests.swift */,
				1826146A25FFA3D900320687 /* Info.plist */,
			);
			path = BenitTestTests;
			sourceTree = "<group>";
		};
		1826147225FFA3DA00320687 /* BenitTestUITests */ = {
			isa = PBXGroup;
			children = (
				1826147325FFA3DA00320687 /* BenitTestUITests.swift */,
				1826147525FFA3DA00320687 /* Info.plist */,
			);
			path = BenitTestUITests;
			sourceTree = "<group>";
		};
/* End PBXGroup section */

/* Begin PBXNativeTarget section */
		1826145225FFA3D800320687 /* BenitTest */ = {
			isa = PBXNativeTarget;
			buildConfigurationList = 1826147825FFA3DA00320687 /* Build configuration list for PBXNativeTarget "BenitTest" */;
			buildPhases = (
				1826144F25FFA3D800320687 /* Sources */,
				1826145025FFA3D800320687 /* Frameworks */,
				1826145125FFA3D800320687 /* Resources */,
			);
			buildRules = (
			);
			dependencies = (
			);
			name = BenitTest;
			productName = BenitTest;
			productReference = 1826145325FFA3D800320687 /* BenitTest.app */;
			productType = "com.apple.product-type.application";
		};
		1826146325FFA3D900320687 /* BenitTestTests */ = {
			isa = PBXNativeTarget;
			buildConfigurationList = 1826147B25FFA3DA00320687 /* Build configuration list for PBXNativeTarget "BenitTestTests" */;
			buildPhases = (
				1826146025FFA3D900320687 /* Sources */,
				1826146125FFA3D900320687 /* Frameworks */,
				1826146225FFA3D900320687 /* Resources */,
			);
			buildRules = (
			);
			dependencies = (
				1826146625FFA3D900320687 /* PBXTargetDependency */,
			);
			name = BenitTestTests;
			productName = BenitTestTests;
			productReference = 1826146425FFA3D900320687 /* BenitTestTests.xctest */;
			productType = "com.apple.product-type.bundle.unit-test";
		};
		1826146E25FFA3DA00320687 /* BenitTestUITests */ = {
			isa = PBXNativeTarget;
			buildConfigurationList = 1826147E25FFA3DA00320687 /* Build configuration list for PBXNativeTarget "BenitTestUITests" */;
			buildPhases = (
				1826146B25FFA3DA00320687 /* Sources */,
				1826146C25FFA3DA00320687 /* Frameworks */,
				1826146D25FFA3DA00320687 /* Resources */,
			);
			buildRules = (
			);
			dependencies = (
				1826147125FFA3DA00320687 /* PBXTargetDependency */,
			);
			name = BenitTestUITests;
			productName = BenitTestUITests;
			productReference = 1826146F25FFA3DA00320687 /* BenitTestUITests.xctest */;
			productType = "com.apple.product-type.bundle.ui-testing";
		};
/* End PBXNativeTarget section */

/* Begin PBXProject section */
		1826144B25FFA3D800320687 /* Project object */ = {
			isa = PBXProject;
			attributes = {
				LastSwiftUpdateCheck = 1220;
				LastUpgradeCheck = 1220;
				TargetAttributes = {
					1826145225FFA3D800320687 = {
						CreatedOnToolsVersion = 12.2;
					};
					1826146325FFA3D900320687 = {
						CreatedOnToolsVersion = 12.2;
						TestTargetID = 1826145225FFA3D800320687;
					};
					1826146E25FFA3DA00320687 = {
						CreatedOnToolsVersion = 12.2;
						TestTargetID = 1826145225FFA3D800320687;
					};
				};
			};
			buildConfigurationList = 1826144E25FFA3D800320687 /* Build configuration list for PBXProject "BenitTest" */;
			compatibilityVersion = "Xcode 9.3";
			developmentRegion = en;
			hasScannedForEncodings = 0;
			knownRegions = (
				en,
				Base,
			);
			mainGroup = 1826144A25FFA3D800320687;
			productRefGroup = 1826145425FFA3D800320687 /* Products */;
			projectDirPath = "";
			projectRoot = "";
			targets = (
				1826145225FFA3D800320687 /* BenitTest */,
				1826146325FFA3D900320687 /* BenitTestTests */,
				1826146E25FFA3DA00320687 /* BenitTestUITests */,
			);
		};
/* End PBXProject section */

/* Begin PBXResourcesBuildPhase section */
		1826145125FFA3D800320687 /* Resources */ = {
			isa = PBXResourcesBuildPhase;
			buildActionMask = 2147483647;
			files = (
				1826145E25FFA3D900320687 /* Preview Assets.xcassets in Resources */,
				1826145B25FFA3D900320687 /* Assets.xcassets in Resources */,
			);
			runOnlyForDeploymentPostprocessing = 0;
		};
		1826146225FFA3D900320687 /* Resources */ = {
			isa = PBXResourcesBuildPhase;
			buildActionMask = 2147483647;
			files = (
			);
			runOnlyForDeploymentPostprocessing = 0;
		};
		1826146D25FFA3DA00320687 /* Resources */ = {
			isa = PBXResourcesBuildPhase;
			buildActionMask = 2147483647;
			files = (
			);
			runOnlyForDeploymentPostprocessing = 0;
		};
/* End PBXResourcesBuildPhase section */

/* Begin PBXSourcesBuildPhase section */
		1826144F25FFA3D800320687 /* Sources */ = {
			isa = PBXSourcesBuildPhase;
			buildActionMask = 2147483647;
			files = (
				1826145925FFA3D800320687 /* ContentView.swift in Sources */,
				187593FF26009AF10007C470 /* AuthView.swift in Sources */,
				1826145725FFA3D800320687 /* BenitTestApp.swift in Sources */,
			);
			runOnlyForDeploymentPostprocessing = 0;
		};
		1826146025FFA3D900320687 /* Sources */ = {
			isa = PBXSourcesBuildPhase;
			buildActionMask = 2147483647;
			files = (
				1826146925FFA3D900320687 /* BenitTestTests.swift in Sources */,
			);
			runOnlyForDeploymentPostprocessing = 0;
		};
		1826146B25FFA3DA00320687 /* Sources */ = {
			isa = PBXSourcesBuildPhase;
			buildActionMask = 2147483647;
			files = (
				1826147425FFA3DA00320687 /* BenitTestUITests.swift in Sources */,
			);
			runOnlyForDeploymentPostprocessing = 0;
		};
/* End PBXSourcesBuildPhase section */

/* Begin PBXTargetDependency section */
		1826146625FFA3D900320687 /* PBXTargetDependency */ = {
			isa = PBXTargetDependency;
			target = 1826145225FFA3D800320687 /* BenitTest */;
			targetProxy = 1826146525FFA3D900320687 /* PBXContainerItemProxy */;
		};
		1826147125FFA3DA00320687 /* PBXTargetDependency */ = {
			isa = PBXTargetDependency;
			target = 1826145225FFA3D800320687 /* BenitTest */;
			targetProxy = 1826147025FFA3DA00320687 /* PBXContainerItemProxy */;
		};
/* End PBXTargetDependency section */

/* Begin XCBuildConfiguration section */
		1826147625FFA3DA00320687 /* Debug */ = {
			isa = XCBuildConfiguration;
			buildSettings = {
				ALWAYS_SEARCH_USER_PATHS = NO;
				CLANG_ANALYZER_NONNULL = YES;
				CLANG_ANALYZER_NUMBER_OBJECT_CONVERSION = YES_AGGRESSIVE;
				CLANG_CXX_LANGUAGE_STANDARD = "gnu++14";
				CLANG_CXX_LIBRARY = "libc++";
				CLANG_ENABLE_MODULES = YES;
				CLANG_ENABLE_OBJC_ARC = YES;
				CLANG_ENABLE_OBJC_WEAK = YES;
				CLANG_WARN_BLOCK_CAPTURE_AUTORELEASING = YES;
				CLANG_WARN_BOOL_CONVERSION = YES;
				CLANG_WARN_COMMA = YES;
				CLANG_WARN_CONSTANT_CONVERSION = YES;
				CLANG_WARN_DEPRECATED_OBJC_IMPLEMENTATIONS = YES;
				CLANG_WARN_DIRECT_OBJC_ISA_USAGE = YES_ERROR;
				CLANG_WARN_DOCUMENTATION_COMMENTS = YES;
				CLANG_WARN_EMPTY_BODY = YES;
				CLANG_WARN_ENUM_CONVERSION = YES;
				CLANG_WARN_INFINITE_RECURSION = YES;
				CLANG_WARN_INT_CONVERSION = YES;
				CLANG_WARN_NON_LITERAL_NULL_CONVERSION = YES;
				CLANG_WARN_OBJC_IMPLICIT_RETAIN_SELF = YES;
				CLANG_WARN_OBJC_LITERAL_CONVERSION = YES;
				CLANG_WARN_OBJC_ROOT_CLASS = YES_ERROR;
				CLANG_WARN_QUOTED_INCLUDE_IN_FRAMEWORK_HEADER = YES;
				CLANG_WARN_RANGE_LOOP_ANALYSIS = YES;
				CLANG_WARN_STRICT_PROTOTYPES = YES;
				CLANG_WARN_SUSPICIOUS_MOVE = YES;
				CLANG_WARN_UNGUARDED_AVAILABILITY = YES_AGGRESSIVE;
				CLANG_WARN_UNREACHABLE_CODE = YES;
				CLANG_WARN__DUPLICATE_METHOD_MATCH = YES;
				COPY_PHASE_STRIP = NO;
				DEBUG_INFORMATION_FORMAT = dwarf;
				ENABLE_STRICT_OBJC_MSGSEND = YES;
				ENABLE_TESTABILITY = YES;
				GCC_C_LANGUAGE_STANDARD = gnu11;
				GCC_DYNAMIC_NO_PIC = NO;
				GCC_NO_COMMON_BLOCKS = YES;
				GCC_OPTIMIZATION_LEVEL = 0;
				GCC_PREPROCESSOR_DEFINITIONS = (
					"DEBUG=1",
					"$(inherited)",
				);
				GCC_WARN_64_TO_32_BIT_CONVERSION = YES;
				GCC_WARN_ABOUT_RETURN_TYPE = YES_ERROR;
				GCC_WARN_UNDECLARED_SELECTOR = YES;
				GCC_WARN_UNINITIALIZED_AUTOS = YES_AGGRESSIVE;
				GCC_WARN_UNUSED_FUNCTION = YES;
				GCC_WARN_UNUSED_VARIABLE = YES;
				IPHONEOS_DEPLOYMENT_TARGET = 14.2;
				MTL_ENABLE_DEBUG_INFO = INCLUDE_SOURCE;
				MTL_FAST_MATH = YES;
				ONLY_ACTIVE_ARCH = YES;
				SDKROOT = iphoneos;
				SWIFT_ACTIVE_COMPILATION_CONDITIONS = DEBUG;
				SWIFT_OPTIMIZATION_LEVEL = "-Onone";
			};
			name = Debug;
		};
		1826147725FFA3DA00320687 /* Release */ = {
			isa = XCBuildConfiguration;
			buildSettings = {
				ALWAYS_SEARCH_USER_PATHS = NO;
				CLANG_ANALYZER_NONNULL = YES;
				CLANG_ANALYZER_NUMBER_OBJECT_CONVERSION = YES_AGGRESSIVE;
				CLANG_CXX_LANGUAGE_STANDARD = "gnu++14";
				CLANG_CXX_LIBRARY = "libc++";
				CLANG_ENABLE_MODULES = YES;
				CLANG_ENABLE_OBJC_ARC = YES;
				CLANG_ENABLE_OBJC_WEAK = YES;
				CLANG_WARN_BLOCK_CAPTURE_AUTORELEASING = YES;
				CLANG_WARN_BOOL_CONVERSION = YES;
				CLANG_WARN_COMMA = YES;
				CLANG_WARN_CONSTANT_CONVERSION = YES;
				CLANG_WARN_DEPRECATED_OBJC_IMPLEMENTATIONS = YES;
				CLANG_WARN_DIRECT_OBJC_ISA_USAGE = YES_ERROR;
				CLANG_WARN_DOCUMENTATION_COMMENTS = YES;
				CLANG_WARN_EMPTY_BODY = YES;
				CLANG_WARN_ENUM_CONVERSION = YES;
				CLANG_WARN_INFINITE_RECURSION = YES;
				CLANG_WARN_INT_CONVERSION = YES;
				CLANG_WARN_NON_LITERAL_NULL_CONVERSION = YES;
				CLANG_WARN_OBJC_IMPLICIT_RETAIN_SELF = YES;
				CLANG_WARN_OBJC_LITERAL_CONVERSION = YES;
				CLANG_WARN_OBJC_ROOT_CLASS = YES_ERROR;
				CLANG_WARN_QUOTED_INCLUDE_IN_FRAMEWORK_HEADER = YES;
				CLANG_WARN_RANGE_LOOP_ANALYSIS = YES;
				CLANG_WARN_STRICT_PROTOTYPES = YES;
				CLANG_WARN_SUSPICIOUS_MOVE = YES;
				CLANG_WARN_UNGUARDED_AVAILABILITY = YES_AGGRESSIVE;
				CLANG_WARN_UNREACHABLE_CODE = YES;
				CLANG_WARN__DUPLICATE_METHOD_MATCH = YES;
				COPY_PHASE_STRIP = NO;
				DEBUG_INFORMATION_FORMAT = "dwarf-with-dsym";
				ENABLE_NS_ASSERTIONS = NO;
				ENABLE_STRICT_OBJC_MSGSEND = YES;
				GCC_C_LANGUAGE_STANDARD = gnu11;
				GCC_NO_COMMON_BLOCKS = YES;
				GCC_WARN_64_TO_32_BIT_CONVERSION = YES;
				GCC_WARN_ABOUT_RETURN_TYPE = YES_ERROR;
				GCC_WARN_UNDECLARED_SELECTOR = YES;
				GCC_WARN_UNINITIALIZED_AUTOS = YES_AGGRESSIVE;
				GCC_WARN_UNUSED_FUNCTION = YES;
				GCC_WARN_UNUSED_VARIABLE = YES;
				IPHONEOS_DEPLOYMENT_TARGET = 14.2;
				MTL_ENABLE_DEBUG_INFO = NO;
				MTL_FAST_MATH = YES;
				SDKROOT = iphoneos;
				SWIFT_COMPILATION_MODE = wholemodule;
				SWIFT_OPTIMIZATION_LEVEL = "-O";
				VALIDATE_PRODUCT = YES;
			};
			name = Release;
		};
		1826147925FFA3DA00320687 /* Debug */ = {
			isa = XCBuildConfiguration;
			buildSettings = {
				ASSETCATALOG_COMPILER_APPICON_NAME = AppIcon;
				ASSETCATALOG_COMPILER_GLOBAL_ACCENT_COLOR_NAME = AccentColor;
				CODE_SIGN_STYLE = Automatic;
				DEVELOPMENT_ASSET_PATHS = "\"BenitTest/Preview Content\"";
				DEVELOPMENT_TEAM = ZH3C3SC257;
				ENABLE_PREVIEWS = YES;
				INFOPLIST_FILE = BenitTest/Info.plist;
				IPHONEOS_DEPLOYMENT_TARGET = 14.0;
				LD_RUNPATH_SEARCH_PATHS = (
					"$(inherited)",
					"@executable_path/Frameworks",
				);
				PRODUCT_BUNDLE_IDENTIFIER = com.benit.BenitTest;
				PRODUCT_NAME = "$(TARGET_NAME)";
				SWIFT_VERSION = 5.0;
				TARGETED_DEVICE_FAMILY = "1,2";
			};
			name = Debug;
		};
		1826147A25FFA3DA00320687 /* Release */ = {
			isa = XCBuildConfiguration;
			buildSettings = {
				ASSETCATALOG_COMPILER_APPICON_NAME = AppIcon;
				ASSETCATALOG_COMPILER_GLOBAL_ACCENT_COLOR_NAME = AccentColor;
				CODE_SIGN_STYLE = Automatic;
				DEVELOPMENT_ASSET_PATHS = "\"BenitTest/Preview Content\"";
				DEVELOPMENT_TEAM = ZH3C3SC257;
				ENABLE_PREVIEWS = YES;
				INFOPLIST_FILE = BenitTest/Info.plist;
				IPHONEOS_DEPLOYMENT_TARGET = 14.0;
				LD_RUNPATH_SEARCH_PATHS = (
					"$(inherited)",
					"@executable_path/Frameworks",
				);
				PRODUCT_BUNDLE_IDENTIFIER = com.benit.BenitTest;
				PRODUCT_NAME = "$(TARGET_NAME)";
				SWIFT_VERSION = 5.0;
				TARGETED_DEVICE_FAMILY = "1,2";
			};
			name = Release;
		};
		1826147C25FFA3DA00320687 /* Debug */ = {
			isa = XCBuildConfiguration;
			buildSettings = {
				ALWAYS_EMBED_SWIFT_STANDARD_LIBRARIES = YES;
				BUNDLE_LOADER = "$(TEST_HOST)";
				CODE_SIGN_STYLE = Automatic;
				DEVELOPMENT_TEAM = ZH3C3SC257;
				INFOPLIST_FILE = BenitTestTests/Info.plist;
				IPHONEOS_DEPLOYMENT_TARGET = 14.0;
				LD_RUNPATH_SEARCH_PATHS = (
					"$(inherited)",
					"@executable_path/Frameworks",
					"@loader_path/Frameworks",
				);
				PRODUCT_BUNDLE_IDENTIFIER = com.benit.BenitTestTests;
				PRODUCT_NAME = "$(TARGET_NAME)";
				SWIFT_VERSION = 5.0;
				TARGETED_DEVICE_FAMILY = "1,2";
				TEST_HOST = "$(BUILT_PRODUCTS_DIR)/BenitTest.app/BenitTest";
			};
			name = Debug;
		};
		1826147D25FFA3DA00320687 /* Release */ = {
			isa = XCBuildConfiguration;
			buildSettings = {
				ALWAYS_EMBED_SWIFT_STANDARD_LIBRARIES = YES;
				BUNDLE_LOADER = "$(TEST_HOST)";
				CODE_SIGN_STYLE = Automatic;
				DEVELOPMENT_TEAM = ZH3C3SC257;
				INFOPLIST_FILE = BenitTestTests/Info.plist;
				IPHONEOS_DEPLOYMENT_TARGET = 14.0;
				LD_RUNPATH_SEARCH_PATHS = (
					"$(inherited)",
					"@executable_path/Frameworks",
					"@loader_path/Frameworks",
				);
				PRODUCT_BUNDLE_IDENTIFIER = com.benit.BenitTestTests;
				PRODUCT_NAME = "$(TARGET_NAME)";
				SWIFT_VERSION = 5.0;
				TARGETED_DEVICE_FAMILY = "1,2";
				TEST_HOST = "$(BUILT_PRODUCTS_DIR)/BenitTest.app/BenitTest";
			};
			name = Release;
		};
		1826147F25FFA3DA00320687 /* Debug */ = {
			isa = XCBuildConfiguration;
			buildSettings = {
				ALWAYS_EMBED_SWIFT_STANDARD_LIBRARIES = YES;
				CODE_SIGN_STYLE = Automatic;
				DEVELOPMENT_TEAM = ZH3C3SC257;
				INFOPLIST_FILE = BenitTestUITests/Info.plist;
				LD_RUNPATH_SEARCH_PATHS = (
					"$(inherited)",
					"@executable_path/Frameworks",
					"@loader_path/Frameworks",
				);
				PRODUCT_BUNDLE_IDENTIFIER = com.benit.BenitTestUITests;
				PRODUCT_NAME = "$(TARGET_NAME)";
				SWIFT_VERSION = 5.0;
				TARGETED_DEVICE_FAMILY = "1,2";
				TEST_TARGET_NAME = BenitTest;
			};
			name = Debug;
		};
		1826148025FFA3DA00320687 /* Release */ = {
			isa = XCBuildConfiguration;
			buildSettings = {
				ALWAYS_EMBED_SWIFT_STANDARD_LIBRARIES = YES;
				CODE_SIGN_STYLE = Automatic;
				DEVELOPMENT_TEAM = ZH3C3SC257;
				INFOPLIST_FILE = BenitTestUITests/Info.plist;
				LD_RUNPATH_SEARCH_PATHS = (
					"$(inherited)",
					"@executable_path/Frameworks",
					"@loader_path/Frameworks",
				);
				PRODUCT_BUNDLE_IDENTIFIER = com.benit.BenitTestUITests;
				PRODUCT_NAME = "$(TARGET_NAME)";
				SWIFT_VERSION = 5.0;
				TARGETED_DEVICE_FAMILY = "1,2";
				TEST_TARGET_NAME = BenitTest;
			};
			name = Release;
		};
/* End XCBuildConfiguration section */

/* Begin XCConfigurationList section */
		1826144E25FFA3D800320687 /* Build configuration list for PBXProject "BenitTest" */ = {
			isa = XCConfigurationList;
			buildConfigurations = (
				1826147625FFA3DA00320687 /* Debug */,
				1826147725FFA3DA00320687 /* Release */,
			);
			defaultConfigurationIsVisible = 0;
			defaultConfigurationName = Release;
		};
		1826147825FFA3DA00320687 /* Build configuration list for PBXNativeTarget "BenitTest" */ = {
			isa = XCConfigurationList;
			buildConfigurations = (
				1826147925FFA3DA00320687 /* Debug */,
				1826147A25FFA3DA00320687 /* Release */,
			);
			defaultConfigurationIsVisible = 0;
			defaultConfigurationName = Release;
		};
		1826147B25FFA3DA00320687 /* Build configuration list for PBXNativeTarget "BenitTestTests" */ = {
			isa = XCConfigurationList;
			buildConfigurations = (
				1826147C25FFA3DA00320687 /* Debug */,
				1826147D25FFA3DA00320687 /* Release */,
			);
			defaultConfigurationIsVisible = 0;
			defaultConfigurationName = Release;
		};
		1826147E25FFA3DA00320687 /* Build configuration list for PBXNativeTarget "BenitTestUITests" */ = {
			isa = XCConfigurationList;
			buildConfigurations = (
				1826147F25FFA3DA00320687 /* Debug */,
				1826148025FFA3DA00320687 /* Release */,
			);
			defaultConfigurationIsVisible = 0;
			defaultConfigurationName = Release;
		};
/* End XCConfigurationList section */
	};
	rootObject = 1826144B25FFA3D800320687 /* Project object */;
}
